PODS:
  - cktap_protocol (0.0.1):
    - Flutter
  - Flutter (1.0.0)
  - nfc_manager (0.0.1):
    - Flutter

DEPENDENCIES:
  - cktap_protocol (from `.symlinks/plugins/cktap_protocol/ios`)
  - Flutter (from `Flutter`)
  - nfc_manager (from `.symlinks/plugins/nfc_manager/ios`)

EXTERNAL SOURCES:
  cktap_protocol:
    :path: ".symlinks/plugins/cktap_protocol/ios"
  Flutter:
    :path: Flutter
  nfc_manager:
    :path: ".symlinks/plugins/nfc_manager/ios"

SPEC CHECKSUMS:
  cktap_protocol: 8984212e1723c3e8b99c4dbffcb181dbc14eb7f1
  Flutter: e0871f40cf51350855a761d2e70bf5af5b9b5de7
  nfc_manager: d7da7cb781f7744b94df5fe9dbca904ac4a0939e

PODFILE CHECKSUM: 4e8f8b2be68aeea4c0d5beb6ff1e79fface1d048

COCOAPODS: 1.14.3
